
Microsoft Visual Studio Solution File, Format Version 12.00
# Visual Studio Version 17
VisualStudioVersion = 17.9.34728.123
MinimumVisualStudioVersion = 10.0.40219.1
Project("{FAE04EC0-301F-11D3-BF4B-00C04F79EFBC}") = "HelloVilag", "HelloVilag\HelloVilag.csproj", "{A21E3328-DC99-4D7C-A8A3-2C19126806AB}"
EndProject
Global
	GlobalSection(SolutionConfigurationPlatforms) = preSolution
		Debug|Any CPU = Debug|Any CPU
		Release|Any CPU = Release|Any CPU
	EndGlobalSection
	GlobalSection(ProjectConfigurationPlatforms) = postSolution
		{A21E3328-DC99-4D7C-A8A3-2C19126806AB}.Debug|Any CPU.ActiveCfg = Debug|Any CPU
		{A21E3328-DC99-4D7C-A8A3-2C19126806AB}.Debug|Any CPU.Build.0 = Debug|Any CPU
		{A21E3328-DC99-4D7C-A8A3-2C19126806AB}.Release|Any CPU.ActiveCfg = Release|Any CPU
		{A21E3328-DC99-4D7C-A8A3-2C19126806AB}.Release|Any CPU.Build.0 = Release|Any CPU
	EndGlobalSection
	GlobalSection(SolutionProperties) = preSolution
		HideSolutionNode = FALSE
	EndGlobalSection
	GlobalSection(ExtensibilityGlobals) = postSolution
		SolutionGuid = {3AED8236-90A1-4E6A-9C44-744A67AA7087}
	EndGlobalSection
EndGlobal
